{
  "requires": true,
  "lockfileVersion": 1,
  "dependencies": {
    "as-wasi": {
      "version": "0.4.6",
      "resolved": "https://registry.npmjs.org/as-wasi/-/as-wasi-0.4.6.tgz",
      "integrity": "sha512-HFWdxLVHrOfchf/M+gE2IczsHBkWXqekZZfHYmDj6WP1UnpQC4k44OeyjqmSwC/db1tppEwCUssDCuFGnMdJZw=="
    }
  }
}
