# This file is automatically @generated by Cargo.
# It is not intended for manual editing.
version = 3

[[package]]
name = "addr2line"
version = "0.15.2"
source = "registry+https://github.com/rust-lang/crates.io-index"
checksum = "e7a2e47a1fbe209ee101dd6d61285226744c6c8d3c21c8dc878ba6cb9f467f3a"
dependencies = [
 "gimli 0.24.0",
]

[[package]]
name = "addr2line"
version = "0.16.0"
source = "registry+https://github.com/rust-lang/crates.io-index"
checksum = "3e61f2b7f93d2c7d2b08263acaa4a363b3e276806c68af6134c44f523bf1aacd"
dependencies = [
 "gimli 0.25.0",
]

[[package]]
name = "adler"
version = "1.0.2"
source = "registry+https://github.com/rust-lang/crates.io-index"
checksum = "f26201604c87b1e01bd3d98f8d5d9a8fcbb815e8cedb41ffccbeb4bf593a35fe"

[[package]]
name = "aho-corasick"
version = "0.7.18"
source = "registry+https://github.com/rust-lang/crates.io-index"
checksum = "1e37cfd5e7657ada45f742d6e99ca5788580b5c529dc78faf11ece6dc702656f"
dependencies = [
 "memchr",
]

[[package]]
name = "anyhow"
version = "1.0.42"
source = "registry+https://github.com/rust-lang/crates.io-index"
checksum = "595d3cfa7a60d4555cb5067b99f07142a08ea778de5cf993f7b75c7d8fabc486"

[[package]]
name = "arc-swap"
version = "1.3.0"
source = "registry+https://github.com/rust-lang/crates.io-index"
checksum = "e906254e445520903e7fc9da4f709886c84ae4bc4ddaf0e093188d66df4dc820"

[[package]]
name = "arrayref"
version = "0.3.6"
source = "registry+https://github.com/rust-lang/crates.io-index"
checksum = "a4c527152e37cf757a3f78aae5a06fbeefdb07ccc535c980a3208ee3060dd544"

[[package]]
name = "arrayvec"
version = "0.5.2"
source = "registry+https://github.com/rust-lang/crates.io-index"
checksum = "23b62fc65de8e4e7f52534fb52b0f3ed04746ae267519eef2a83941e8085068b"

[[package]]
name = "async-trait"
version = "0.1.51"
source = "registry+https://github.com/rust-lang/crates.io-index"
checksum = "44318e776df68115a881de9a8fd1b9e53368d7a4a5ce4cc48517da3393233a5e"
dependencies = [
 "proc-macro2",
 "quote",
 "syn",
]

[[package]]
name = "atomic_refcell"
version = "0.1.7"
source = "registry+https://github.com/rust-lang/crates.io-index"
checksum = "681b971236e0f76b20fcafca0236b8718c9186ee778d67cd78bd5f28fd85427f"

[[package]]
name = "atty"
version = "0.2.14"
source = "registry+https://github.com/rust-lang/crates.io-index"
checksum = "d9b39be18770d11421cdb1b9947a45dd3f37e93092cbf377614828a319d5fee8"
dependencies = [
 "hermit-abi",
 "libc",
 "winapi",
]

[[package]]
name = "autocfg"
version = "1.0.1"
source = "registry+https://github.com/rust-lang/crates.io-index"
checksum = "cdb031dd78e28731d87d56cc8ffef4a8f36ca26c38fe2de700543e627f8a464a"

[[package]]
name = "backtrace"
version = "0.3.61"
source = "registry+https://github.com/rust-lang/crates.io-index"
checksum = "e7a905d892734eea339e896738c14b9afce22b5318f64b951e70bf3844419b01"
dependencies = [
 "addr2line 0.16.0",
 "cc",
 "cfg-if 1.0.0",
 "libc",
 "miniz_oxide",
 "object 0.26.0",
 "rustc-demangle",
]

[[package]]
name = "base64"
version = "0.13.0"
source = "registry+https://github.com/rust-lang/crates.io-index"
checksum = "904dfeac50f3cdaba28fc6f57fdcddb75f49ed61346676a78c4ffe55877802fd"

[[package]]
name = "bigdecimal"
version = "0.1.2"
source = "registry+https://github.com/rust-lang/crates.io-index"
checksum = "1374191e2dd25f9ae02e3aa95041ed5d747fc77b3c102b49fe2dd9a8117a6244"
dependencies = [
 "num-bigint",
 "num-integer",
 "num-traits",
]

[[package]]
name = "bincode"
version = "1.3.3"
source = "registry+https://github.com/rust-lang/crates.io-index"
checksum = "b1f45e9417d87227c7a56d22e471c6206462cba514c7590c09aff4cf6d1ddcad"
dependencies = [
 "serde",
]

[[package]]
name = "bitflags"
version = "1.2.1"
source = "registry+https://github.com/rust-lang/crates.io-index"
checksum = "cf1de2fe8c75bc145a2f577add951f8134889b4795d47466a54a5c846d691693"

[[package]]
name = "blake3"
version = "0.3.8"
source = "registry+https://github.com/rust-lang/crates.io-index"
checksum = "b64485778c4f16a6a5a9d335e80d449ac6c70cdd6a06d2af18a6f6f775a125b3"
dependencies = [
 "arrayref",
 "arrayvec",
 "cc",
 "cfg-if 0.1.10",
 "constant_time_eq",
 "crypto-mac",
 "digest",
]

[[package]]
name = "block-buffer"
version = "0.9.0"
source = "registry+https://github.com/rust-lang/crates.io-index"
checksum = "4152116fd6e9dadb291ae18fc1ec3575ed6d84c29642d97890f4b4a3417297e4"
dependencies = [
 "generic-array",
]

[[package]]
name = "bs58"
version = "0.4.0"
source = "registry+https://github.com/rust-lang/crates.io-index"
checksum = "771fe0050b883fcc3ea2359b1a96bcfbc090b7116eae7c3c512c7a083fdf23d3"

[[package]]
name = "byteorder"
version = "1.4.3"
source = "registry+https://github.com/rust-lang/crates.io-index"
checksum = "14c189c53d098945499cdfa7ecc63567cf3886b3332b312a5b4585d8d3a6a610"

[[package]]
name = "cc"
version = "1.0.69"
source = "registry+https://github.com/rust-lang/crates.io-index"
checksum = "e70cc2f62c6ce1868963827bd677764c62d07c3d9a3e1fb1177ee1a9ab199eb2"
dependencies = [
 "jobserver",
]

[[package]]
name = "cfg-if"
version = "0.1.10"
source = "registry+https://github.com/rust-lang/crates.io-index"
checksum = "4785bdd1c96b2a846b2bd7cc02e86b6b3dbf14e7e53446c4f54c92a361040822"

[[package]]
name = "cfg-if"
version = "1.0.0"
source = "registry+https://github.com/rust-lang/crates.io-index"
checksum = "baf1de4339761588bc0619e3cbc0120ee582ebb74b53b4efbf79117bd2da40fd"

[[package]]
name = "chrono"
version = "0.4.19"
source = "registry+https://github.com/rust-lang/crates.io-index"
checksum = "670ad68c9088c2a963aaa298cb369688cf3f9465ce5e2d4ca10e6e0098a1ce73"
dependencies = [
 "libc",
 "num-integer",
 "num-traits",
 "time",
 "winapi",
]

[[package]]
name = "const_fn_assert"
version = "0.1.2"
source = "registry+https://github.com/rust-lang/crates.io-index"
checksum = "27d614f23f34f7b5165a77dc1591f497e2518f9cec4b4f4b92bfc4dc6cf7a190"

[[package]]
name = "constant_time_eq"
version = "0.1.5"
source = "registry+https://github.com/rust-lang/crates.io-index"
checksum = "245097e9a4535ee1e3e3931fcfcd55a796a44c643e8596ff6566d68f09b87bbc"

[[package]]
name = "cpp_demangle"
version = "0.3.3"
source = "registry+https://github.com/rust-lang/crates.io-index"
checksum = "8ea47428dc9d2237f3c6bc134472edfd63ebba0af932e783506dcfd66f10d18a"
dependencies = [
 "cfg-if 1.0.0",
]

[[package]]
name = "cpufeatures"
version = "0.1.5"
source = "registry+https://github.com/rust-lang/crates.io-index"
checksum = "66c99696f6c9dd7f35d486b9d04d7e6e202aa3e8c40d553f2fdf5e7e0c6a71ef"
dependencies = [
 "libc",
]

[[package]]
name = "cranelift-bforest"
version = "0.74.0"
source = "registry+https://github.com/rust-lang/crates.io-index"
checksum = "c8ca3560686e7c9c7ed7e0fe77469f2410ba5d7781b1acaa9adc8d8deea28e3e"
dependencies = [
 "cranelift-entity",
]

[[package]]
name = "cranelift-codegen"
version = "0.74.0"
source = "registry+https://github.com/rust-lang/crates.io-index"
checksum = "baf9bf1ffffb6ce3d2e5ebc83549bd2436426c99b31cc550d521364cbe35d276"
dependencies = [
 "cranelift-bforest",
 "cranelift-codegen-meta",
 "cranelift-codegen-shared",
 "cranelift-entity",
 "gimli 0.24.0",
 "log",
 "regalloc",
 "serde",
 "smallvec",
 "target-lexicon",
]

[[package]]
name = "cranelift-codegen-meta"
version = "0.74.0"
source = "registry+https://github.com/rust-lang/crates.io-index"
checksum = "4cc21936a5a6d07e23849ffe83e5c1f6f50305c074f4b2970ca50c13bf55b821"
dependencies = [
 "cranelift-codegen-shared",
 "cranelift-entity",
]

[[package]]
name = "cranelift-codegen-shared"
version = "0.74.0"
source = "registry+https://github.com/rust-lang/crates.io-index"
checksum = "ca5b6ffaa87560bebe69a5446449da18090b126037920b0c1c6d5945f72faf6b"
dependencies = [
 "serde",
]

[[package]]
name = "cranelift-entity"
version = "0.74.0"
source = "registry+https://github.com/rust-lang/crates.io-index"
checksum = "7d6b4a8bef04f82e4296782646f733c641d09497df2fabf791323fefaa44c64c"
dependencies = [
 "serde",
]

[[package]]
name = "cranelift-frontend"
version = "0.74.0"
source = "registry+https://github.com/rust-lang/crates.io-index"
checksum = "c31b783b351f966fce33e3c03498cb116d16d97a8f9978164a60920bd0d3a99c"
dependencies = [
 "cranelift-codegen",
 "log",
 "smallvec",
 "target-lexicon",
]

[[package]]
name = "cranelift-native"
version = "0.74.0"
source = "registry+https://github.com/rust-lang/crates.io-index"
checksum = "a77c88d3dd48021ff1e37e978a00098524abd3513444ae252c08d37b310b3d2a"
dependencies = [
 "cranelift-codegen",
 "target-lexicon",
]

[[package]]
name = "cranelift-wasm"
version = "0.74.0"
source = "registry+https://github.com/rust-lang/crates.io-index"
checksum = "edb6d408e2da77cdbbd65466298d44c86ae71c1785d2ab0d8657753cdb4d9d89"
dependencies = [
 "cranelift-codegen",
 "cranelift-entity",
 "cranelift-frontend",
 "itertools",
 "log",
 "serde",
 "smallvec",
 "thiserror",
 "wasmparser",
]

[[package]]
name = "crc32fast"
version = "1.2.1"
source = "registry+https://github.com/rust-lang/crates.io-index"
checksum = "81156fece84ab6a9f2afdb109ce3ae577e42b1228441eded99bd77f627953b1a"
dependencies = [
 "cfg-if 1.0.0",
]

[[package]]
name = "crossbeam-channel"
version = "0.5.1"
source = "registry+https://github.com/rust-lang/crates.io-index"
checksum = "06ed27e177f16d65f0f0c22a213e17c696ace5dd64b14258b52f9417ccb52db4"
dependencies = [
 "cfg-if 1.0.0",
 "crossbeam-utils",
]

[[package]]
name = "crossbeam-deque"
version = "0.8.1"
source = "registry+https://github.com/rust-lang/crates.io-index"
checksum = "6455c0ca19f0d2fbf751b908d5c55c1f5cbc65e03c4225427254b46890bdde1e"
dependencies = [
 "cfg-if 1.0.0",
 "crossbeam-epoch",
 "crossbeam-utils",
]

[[package]]
name = "crossbeam-epoch"
version = "0.9.5"
source = "registry+https://github.com/rust-lang/crates.io-index"
checksum = "4ec02e091aa634e2c3ada4a392989e7c3116673ef0ac5b72232439094d73b7fd"
dependencies = [
 "cfg-if 1.0.0",
 "crossbeam-utils",
 "lazy_static",
 "memoffset",
 "scopeguard",
]

[[package]]
name = "crossbeam-utils"
version = "0.8.5"
source = "registry+https://github.com/rust-lang/crates.io-index"
checksum = "d82cfc11ce7f2c3faef78d8a684447b40d503d9681acebed6cb728d45940c4db"
dependencies = [
 "cfg-if 1.0.0",
 "lazy_static",
]

[[package]]
name = "crypto-mac"
version = "0.8.0"
source = "registry+https://github.com/rust-lang/crates.io-index"
checksum = "b584a330336237c1eecd3e94266efb216c56ed91225d634cb2991c5f3fd1aeab"
dependencies = [
 "generic-array",
 "subtle",
]

[[package]]
name = "defer"
version = "0.1.0"
source = "registry+https://github.com/rust-lang/crates.io-index"
checksum = "647605a6345d5e89c3950a36a638c56478af9b414c55c6f2477c73b115f9acde"

[[package]]
name = "diesel"
version = "1.4.7"
source = "registry+https://github.com/rust-lang/crates.io-index"
checksum = "bba51ca66f57261fd17cadf8b73e4775cc307d0521d855de3f5de91a8f074e0e"
dependencies = [
 "bigdecimal",
 "bitflags",
 "byteorder",
 "chrono",
 "diesel_derives",
 "num-bigint",
 "num-integer",
 "num-traits",
 "pq-sys",
 "r2d2",
 "serde_json",
]

[[package]]
name = "diesel_derives"
version = "1.4.1"
source = "registry+https://github.com/rust-lang/crates.io-index"
checksum = "45f5098f628d02a7a0f68ddba586fb61e80edec3bdc1be3b921f4ceec60858d3"
dependencies = [
 "proc-macro2",
 "quote",
 "syn",
]

[[package]]
name = "digest"
version = "0.9.0"
source = "registry+https://github.com/rust-lang/crates.io-index"
checksum = "d3dd60d1080a57a05ab032377049e0591415d2b31afd7028356dbf3cc6dcb066"
dependencies = [
 "generic-array",
]

[[package]]
name = "directories-next"
version = "2.0.0"
source = "registry+https://github.com/rust-lang/crates.io-index"
checksum = "339ee130d97a610ea5a5872d2bbb130fdf68884ff09d3028b81bec8a1ac23bbc"
dependencies = [
 "cfg-if 1.0.0",
 "dirs-sys-next",
]

[[package]]
name = "dirs-next"
version = "2.0.0"
source = "registry+https://github.com/rust-lang/crates.io-index"
checksum = "b98cf8ebf19c3d1b223e151f99a4f9f0690dca41414773390fc824184ac833e1"
dependencies = [
 "cfg-if 1.0.0",
 "dirs-sys-next",
]

[[package]]
name = "dirs-sys-next"
version = "0.1.2"
source = "registry+https://github.com/rust-lang/crates.io-index"
checksum = "4ebda144c4fe02d1f7ea1a7d9641b6fc6b580adcfa024ae48797ecdeb6825b4d"
dependencies = [
 "libc",
 "redox_users",
 "winapi",
]

[[package]]
name = "dtoa"
version = "0.4.8"
source = "registry+https://github.com/rust-lang/crates.io-index"
checksum = "56899898ce76aaf4a0f24d914c97ea6ed976d42fec6ad33fcbb0a1103e07b2b0"

[[package]]
name = "either"
version = "1.6.1"
source = "registry+https://github.com/rust-lang/crates.io-index"
checksum = "e78d4f1cc4ae33bbfc157ed5d5a5ef3bc29227303d595861deb238fcec4e9457"

[[package]]
name = "env_logger"
version = "0.7.1"
source = "registry+https://github.com/rust-lang/crates.io-index"
checksum = "44533bbbb3bb3c1fa17d9f2e4e38bbbaf8396ba82193c4cb1b6445d711445d36"
dependencies = [
 "atty",
 "humantime",
 "log",
 "regex",
 "termcolor",
]

[[package]]
name = "errno"
version = "0.2.7"
source = "registry+https://github.com/rust-lang/crates.io-index"
checksum = "fa68f2fb9cae9d37c9b2b3584aba698a2e97f72d7aef7b9f7aa71d8b54ce46fe"
dependencies = [
 "errno-dragonfly",
 "libc",
 "winapi",
]

[[package]]
name = "errno-dragonfly"
version = "0.1.1"
source = "registry+https://github.com/rust-lang/crates.io-index"
checksum = "14ca354e36190500e1e1fb267c647932382b54053c50b14970856c0b00a35067"
dependencies = [
 "gcc",
 "libc",
]

[[package]]
name = "fallible-iterator"
version = "0.2.0"
source = "registry+https://github.com/rust-lang/crates.io-index"
checksum = "4443176a9f2c162692bd3d352d745ef9413eec5782a80d8fd6f8a1ac692a07f7"

[[package]]
name = "file-per-thread-logger"
version = "0.1.4"
source = "registry+https://github.com/rust-lang/crates.io-index"
checksum = "4fdbe0d94371f9ce939b555dd342d0686cc4c0cadbcd4b61d70af5ff97eb4126"
dependencies = [
 "env_logger",
 "log",
]

[[package]]
name = "firestorm"
version = "0.4.6"
source = "registry+https://github.com/rust-lang/crates.io-index"
checksum = "31586bda1b136406162e381a3185a506cdfc1631708dd40cba2f6628d8634499"

[[package]]
name = "fnv"
version = "1.0.7"
source = "registry+https://github.com/rust-lang/crates.io-index"
checksum = "3f9eec918d3f24069decb9af1554cad7c880e2da24a9afd88aca000531ab82c1"

[[package]]
name = "futures"
version = "0.1.31"
source = "registry+https://github.com/rust-lang/crates.io-index"
checksum = "3a471a38ef8ed83cd6e40aa59c1ffe17db6855c18e3604d9c4ed8c08ebc28678"

[[package]]
name = "futures"
version = "0.3.16"
source = "registry+https://github.com/rust-lang/crates.io-index"
checksum = "1adc00f486adfc9ce99f77d717836f0c5aa84965eb0b4f051f4e83f7cab53f8b"
dependencies = [
 "futures-channel",
 "futures-core",
 "futures-executor",
 "futures-io",
 "futures-sink",
 "futures-task",
 "futures-util",
]

[[package]]
name = "futures-channel"
version = "0.3.16"
source = "registry+https://github.com/rust-lang/crates.io-index"
checksum = "74ed2411805f6e4e3d9bc904c95d5d423b89b3b25dc0250aa74729de20629ff9"
dependencies = [
 "futures-core",
 "futures-sink",
]

[[package]]
name = "futures-core"
version = "0.3.16"
source = "registry+https://github.com/rust-lang/crates.io-index"
checksum = "af51b1b4a7fdff033703db39de8802c673eb91855f2e0d47dcf3bf2c0ef01f99"

[[package]]
name = "futures-executor"
version = "0.3.16"
source = "registry+https://github.com/rust-lang/crates.io-index"
checksum = "4d0d535a57b87e1ae31437b892713aee90cd2d7b0ee48727cd11fc72ef54761c"
dependencies = [
 "futures-core",
 "futures-task",
 "futures-util",
]

[[package]]
name = "futures-io"
version = "0.3.16"
source = "registry+https://github.com/rust-lang/crates.io-index"
checksum = "0b0e06c393068f3a6ef246c75cdca793d6a46347e75286933e5e75fd2fd11582"

[[package]]
name = "futures-macro"
version = "0.3.16"
source = "registry+https://github.com/rust-lang/crates.io-index"
checksum = "c54913bae956fb8df7f4dc6fc90362aa72e69148e3f39041fbe8742d21e0ac57"
dependencies = [
 "autocfg",
 "proc-macro-hack",
 "proc-macro2",
 "quote",
 "syn",
]

[[package]]
name = "futures-sink"
version = "0.3.16"
source = "registry+https://github.com/rust-lang/crates.io-index"
checksum = "c0f30aaa67363d119812743aa5f33c201a7a66329f97d1a887022971feea4b53"

[[package]]
name = "futures-task"
version = "0.3.16"
source = "registry+https://github.com/rust-lang/crates.io-index"
checksum = "bbe54a98670017f3be909561f6ad13e810d9a51f3f061b902062ca3da80799f2"

[[package]]
name = "futures-util"
version = "0.3.16"
source = "registry+https://github.com/rust-lang/crates.io-index"
checksum = "67eb846bfd58e44a8481a00049e82c43e0ccb5d61f8dc071057cb19249dd4d78"
dependencies = [
 "autocfg",
 "futures 0.1.31",
 "futures-channel",
 "futures-core",
 "futures-io",
 "futures-macro",
 "futures-sink",
 "futures-task",
 "memchr",
 "pin-project-lite",
 "pin-utils",
 "proc-macro-hack",
 "proc-macro-nested",
 "slab",
]

[[package]]
name = "gcc"
version = "0.3.55"
source = "registry+https://github.com/rust-lang/crates.io-index"
checksum = "8f5f3913fa0bfe7ee1fd8248b6b9f42a5af4b9d65ec2dd2c3c26132b950ecfc2"

[[package]]
name = "generic-array"
version = "0.14.4"
source = "registry+https://github.com/rust-lang/crates.io-index"
checksum = "501466ecc8a30d1d3b7fc9229b122b2ce8ed6e9d9223f1138d4babb253e51817"
dependencies = [
 "typenum",
 "version_check",
]

[[package]]
name = "getrandom"
version = "0.2.3"
source = "registry+https://github.com/rust-lang/crates.io-index"
checksum = "7fcd999463524c52659517fe2cea98493cfe485d10565e7b0fb07dbba7ad2753"
dependencies = [
 "cfg-if 1.0.0",
 "libc",
 "wasi",
]

[[package]]
name = "gimli"
version = "0.24.0"
source = "registry+https://github.com/rust-lang/crates.io-index"
checksum = "0e4075386626662786ddb0ec9081e7c7eeb1ba31951f447ca780ef9f5d568189"
dependencies = [
 "fallible-iterator",
 "indexmap",
 "stable_deref_trait",
]

[[package]]
name = "gimli"
version = "0.25.0"
source = "registry+https://github.com/rust-lang/crates.io-index"
checksum = "f0a01e0497841a3b2db4f8afa483cce65f7e96a3498bd6c541734792aeac8fe7"

[[package]]
name = "hashbrown"
version = "0.11.2"
source = "registry+https://github.com/rust-lang/crates.io-index"
checksum = "ab5ef0d4909ef3724cc8cce6ccc8572c5c817592e9285f5464f8e86f8bd3726e"

[[package]]
name = "heck"
version = "0.3.3"
source = "registry+https://github.com/rust-lang/crates.io-index"
checksum = "6d621efb26863f0e9924c6ac577e8275e5e6b77455db64ffa6c65c904e9e132c"
dependencies = [
 "unicode-segmentation",
]

[[package]]
name = "hermit-abi"
version = "0.1.19"
source = "registry+https://github.com/rust-lang/crates.io-index"
checksum = "62b467343b94ba476dcb2500d242dadbb39557df889310ac77c5d99100aaac33"
dependencies = [
 "libc",
]

[[package]]
name = "hex"
version = "0.4.3"
source = "registry+https://github.com/rust-lang/crates.io-index"
checksum = "7f24254aa9a54b5c858eaee2f5bccdb46aaf0e486a595ed5fd8f86ba55232a70"

[[package]]
name = "humantime"
version = "1.3.0"
source = "registry+https://github.com/rust-lang/crates.io-index"
checksum = "df004cfca50ef23c36850aaaa59ad52cc70d0e90243c3c7737a4dd32dc7a3c4f"
dependencies = [
 "quick-error",
]

[[package]]
name = "ibig"
version = "0.3.2"
source = "registry+https://github.com/rust-lang/crates.io-index"
checksum = "61c5022ee7f7a2feb0bd2fdc4b8ec882cd14903cebf33e7c1847e3f3a282f8b7"
dependencies = [
 "cfg-if 1.0.0",
 "const_fn_assert",
 "num-traits",
 "rand",
 "static_assertions",
]

[[package]]
name = "indexmap"
version = "1.7.0"
source = "registry+https://github.com/rust-lang/crates.io-index"
checksum = "bc633605454125dec4b66843673f01c7df2b89479b32e0ed634e43a91cff62a5"
dependencies = [
 "autocfg",
 "hashbrown",
 "serde",
]

[[package]]
name = "instant"
version = "0.1.10"
source = "registry+https://github.com/rust-lang/crates.io-index"
checksum = "bee0328b1209d157ef001c94dd85b4f8f64139adb0eac2659f4b08382b2f474d"
dependencies = [
 "cfg-if 1.0.0",
]

[[package]]
name = "isatty"
version = "0.1.9"
source = "registry+https://github.com/rust-lang/crates.io-index"
checksum = "e31a8281fc93ec9693494da65fbf28c0c2aa60a2eaec25dc58e2f31952e95edc"
dependencies = [
 "cfg-if 0.1.10",
 "libc",
 "redox_syscall 0.1.57",
 "winapi",
]

[[package]]
name = "itertools"
version = "0.10.1"
source = "registry+https://github.com/rust-lang/crates.io-index"
checksum = "69ddb889f9d0d08a67338271fa9b62996bc788c7796a5c18cf057420aaed5eaf"
dependencies = [
 "either",
]

[[package]]
name = "itoa"
version = "0.4.7"
source = "registry+https://github.com/rust-lang/crates.io-index"
checksum = "dd25036021b0de88a0aff6b850051563c6516d0bf53f8638938edbb9de732736"

[[package]]
name = "jobserver"
version = "0.1.23"
source = "registry+https://github.com/rust-lang/crates.io-index"
checksum = "f5ca711fd837261e14ec9e674f092cbb931d3fa1482b017ae59328ddc6f3212b"
dependencies = [
 "libc",
]

[[package]]
name = "lazy_static"
version = "1.4.0"
source = "registry+https://github.com/rust-lang/crates.io-index"
checksum = "e2abad23fbc42b3700f2f279844dc832adb2b2eb069b2df918f455c4e18cc646"

[[package]]
name = "leb128"
version = "0.2.4"
source = "registry+https://github.com/rust-lang/crates.io-index"
checksum = "3576a87f2ba00f6f106fdfcd16db1d698d648a26ad8e0573cad8537c3c362d2a"

[[package]]
name = "libc"
version = "0.2.98"
source = "registry+https://github.com/rust-lang/crates.io-index"
checksum = "320cfe77175da3a483efed4bc0adc1968ca050b098ce4f2f1c13a56626128790"

[[package]]
name = "linked-hash-map"
version = "0.5.4"
source = "registry+https://github.com/rust-lang/crates.io-index"
checksum = "7fb9b38af92608140b86b693604b9ffcc5824240a484d1ecd4795bacb2fe88f3"

[[package]]
name = "lock_api"
version = "0.4.4"
source = "registry+https://github.com/rust-lang/crates.io-index"
checksum = "0382880606dff6d15c9476c416d18690b72742aa7b605bb6dd6ec9030fbf07eb"
dependencies = [
 "scopeguard",
]

[[package]]
name = "log"
version = "0.4.14"
source = "registry+https://github.com/rust-lang/crates.io-index"
checksum = "51b9bbe6c47d51fc3e1a9b945965946b4c44142ab8792c50835a980d362c2710"
dependencies = [
 "cfg-if 1.0.0",
]

[[package]]
name = "mach"
version = "0.3.2"
source = "registry+https://github.com/rust-lang/crates.io-index"
checksum = "b823e83b2affd8f40a9ee8c29dbc56404c1e34cd2710921f2801e2cf29527afa"
dependencies = [
 "libc",
]

[[package]]
name = "massbit-runtime-wasm"
version = "0.1.0"
dependencies = [
 "anyhow",
 "async-trait",
 "atomic_refcell",
 "bs58",
 "defer",
 "diesel",
 "futures 0.1.31",
 "futures 0.3.16",
 "hex",
 "isatty",
 "lazy_static",
 "never",
 "prometheus",
 "semver",
 "serde",
 "serde_derive",
 "serde_json",
 "serde_yaml",
 "slog",
 "slog-async",
 "slog-envlogger",
 "slog-term",
 "stable-hash",
 "strum",
 "strum_macros",
 "uuid",
 "wasmtime",
]

[[package]]
name = "memchr"
version = "2.4.0"
source = "registry+https://github.com/rust-lang/crates.io-index"
checksum = "b16bd47d9e329435e309c58469fe0791c2d0d1ba96ec0954152a5ae2b04387dc"

[[package]]
name = "memoffset"
version = "0.6.4"
source = "registry+https://github.com/rust-lang/crates.io-index"
checksum = "59accc507f1338036a0477ef61afdae33cde60840f4dfe481319ce3ad116ddf9"
dependencies = [
 "autocfg",
]

[[package]]
name = "miniz_oxide"
version = "0.4.4"
source = "registry+https://github.com/rust-lang/crates.io-index"
checksum = "a92518e98c078586bc6c934028adcca4c92a53d6a958196de835170a01d84e4b"
dependencies = [
 "adler",
 "autocfg",
]

[[package]]
name = "more-asserts"
version = "0.2.1"
source = "registry+https://github.com/rust-lang/crates.io-index"
checksum = "0debeb9fcf88823ea64d64e4a815ab1643f33127d995978e099942ce38f25238"

[[package]]
name = "never"
version = "0.1.0"
source = "registry+https://github.com/rust-lang/crates.io-index"
checksum = "c96aba5aa877601bb3f6dd6a63a969e1f82e60646e81e71b14496995e9853c91"

[[package]]
name = "num-bigint"
version = "0.2.6"
source = "registry+https://github.com/rust-lang/crates.io-index"
checksum = "090c7f9998ee0ff65aa5b723e4009f7b217707f1fb5ea551329cc4d6231fb304"
dependencies = [
 "autocfg",
 "num-integer",
 "num-traits",
]

[[package]]
name = "num-integer"
version = "0.1.44"
source = "registry+https://github.com/rust-lang/crates.io-index"
checksum = "d2cc698a63b549a70bc047073d2949cce27cd1c7b0a4a862d08a8031bc2801db"
dependencies = [
 "autocfg",
 "num-traits",
]

[[package]]
name = "num-traits"
version = "0.2.14"
source = "registry+https://github.com/rust-lang/crates.io-index"
checksum = "9a64b1ec5cda2586e284722486d802acf1f7dbdc623e2bfc57e65ca1cd099290"
dependencies = [
 "autocfg",
]

[[package]]
name = "num_cpus"
version = "1.13.0"
source = "registry+https://github.com/rust-lang/crates.io-index"
checksum = "05499f3756671c15885fee9034446956fff3f243d6077b91e5767df161f766b3"
dependencies = [
 "hermit-abi",
 "libc",
]

[[package]]
name = "object"
version = "0.24.0"
source = "registry+https://github.com/rust-lang/crates.io-index"
checksum = "1a5b3dd1c072ee7963717671d1ca129f1048fda25edea6b752bfc71ac8854170"
dependencies = [
 "crc32fast",
 "indexmap",
]

[[package]]
name = "object"
version = "0.26.0"
source = "registry+https://github.com/rust-lang/crates.io-index"
checksum = "c55827317fb4c08822499848a14237d2874d6f139828893017237e7ab93eb386"
dependencies = [
 "memchr",
]

[[package]]
name = "once_cell"
version = "1.8.0"
source = "registry+https://github.com/rust-lang/crates.io-index"
checksum = "692fcb63b64b1758029e0a96ee63e049ce8c5948587f2f7208df04625e5f6b56"

[[package]]
name = "opaque-debug"
version = "0.3.0"
source = "registry+https://github.com/rust-lang/crates.io-index"
checksum = "624a8340c38c1b80fd549087862da4ba43e08858af025b236e509b6649fc13d5"

[[package]]
name = "parking_lot"
version = "0.11.1"
source = "registry+https://github.com/rust-lang/crates.io-index"
checksum = "6d7744ac029df22dca6284efe4e898991d28e3085c706c972bcd7da4a27a15eb"
dependencies = [
 "instant",
 "lock_api",
 "parking_lot_core",
]

[[package]]
name = "parking_lot_core"
version = "0.8.3"
source = "registry+https://github.com/rust-lang/crates.io-index"
checksum = "fa7a782938e745763fe6907fc6ba86946d72f49fe7e21de074e08128a99fb018"
dependencies = [
 "cfg-if 1.0.0",
 "instant",
 "libc",
 "redox_syscall 0.2.10",
 "smallvec",
 "winapi",
]

[[package]]
name = "paste"
version = "1.0.5"
source = "registry+https://github.com/rust-lang/crates.io-index"
checksum = "acbf547ad0c65e31259204bd90935776d1c693cec2f4ff7abb7a1bbbd40dfe58"

[[package]]
name = "pin-project-lite"
version = "0.2.7"
source = "registry+https://github.com/rust-lang/crates.io-index"
checksum = "8d31d11c69a6b52a174b42bdc0c30e5e11670f90788b2c471c31c1d17d449443"

[[package]]
name = "pin-utils"
version = "0.1.0"
source = "registry+https://github.com/rust-lang/crates.io-index"
checksum = "8b870d8c151b6f2fb93e84a13146138f05d02ed11c7e7c54f8826aaaf7c9f184"

[[package]]
name = "ppv-lite86"
version = "0.2.10"
source = "registry+https://github.com/rust-lang/crates.io-index"
checksum = "ac74c624d6b2d21f425f752262f42188365d7b8ff1aff74c82e45136510a4857"

[[package]]
name = "pq-sys"
version = "0.4.6"
source = "registry+https://github.com/rust-lang/crates.io-index"
checksum = "6ac25eee5a0582f45a67e837e350d784e7003bd29a5f460796772061ca49ffda"
dependencies = [
 "vcpkg",
]

[[package]]
name = "proc-macro-hack"
version = "0.5.19"
source = "registry+https://github.com/rust-lang/crates.io-index"
checksum = "dbf0c48bc1d91375ae5c3cd81e3722dff1abcf81a30960240640d223f59fe0e5"

[[package]]
name = "proc-macro-nested"
version = "0.1.7"
source = "registry+https://github.com/rust-lang/crates.io-index"
checksum = "bc881b2c22681370c6a780e47af9840ef841837bc98118431d4e1868bd0c1086"

[[package]]
name = "proc-macro2"
version = "1.0.28"
source = "registry+https://github.com/rust-lang/crates.io-index"
checksum = "5c7ed8b8c7b886ea3ed7dde405212185f423ab44682667c8c6dd14aa1d9f6612"
dependencies = [
 "unicode-xid",
]

[[package]]
name = "prometheus"
version = "0.12.0"
source = "registry+https://github.com/rust-lang/crates.io-index"
checksum = "5986aa8d62380092d2f50f8b1cdba9cb9b6731ffd4b25b51fd126b6c3e05b99c"
dependencies = [
 "cfg-if 1.0.0",
 "fnv",
 "lazy_static",
 "memchr",
 "parking_lot",
 "protobuf",
 "thiserror",
]

[[package]]
name = "protobuf"
version = "2.25.0"
source = "registry+https://github.com/rust-lang/crates.io-index"
checksum = "020f86b07722c5c4291f7c723eac4676b3892d47d9a7708dc2779696407f039b"

[[package]]
name = "psm"
version = "0.1.14"
source = "registry+https://github.com/rust-lang/crates.io-index"
checksum = "14ce37fa8c0428a37307d163292add09b3aedc003472e6b3622486878404191d"
dependencies = [
 "cc",
]

[[package]]
name = "quick-error"
version = "1.2.3"
source = "registry+https://github.com/rust-lang/crates.io-index"
checksum = "a1d01941d82fa2ab50be1e79e6714289dd7cde78eba4c074bc5a4374f650dfe0"

[[package]]
name = "quote"
version = "1.0.9"
source = "registry+https://github.com/rust-lang/crates.io-index"
checksum = "c3d0b9745dc2debf507c8422de05d7226cc1f0644216dfdfead988f9b1ab32a7"
dependencies = [
 "proc-macro2",
]

[[package]]
name = "r2d2"
version = "0.8.9"
source = "registry+https://github.com/rust-lang/crates.io-index"
checksum = "545c5bc2b880973c9c10e4067418407a0ccaa3091781d1671d46eb35107cb26f"
dependencies = [
 "log",
 "parking_lot",
 "scheduled-thread-pool",
]

[[package]]
name = "rand"
version = "0.8.4"
source = "registry+https://github.com/rust-lang/crates.io-index"
checksum = "2e7573632e6454cf6b99d7aac4ccca54be06da05aca2ef7423d22d27d4d4bcd8"
dependencies = [
 "libc",
 "rand_chacha",
 "rand_core",
 "rand_hc",
]

[[package]]
name = "rand_chacha"
version = "0.3.1"
source = "registry+https://github.com/rust-lang/crates.io-index"
checksum = "e6c10a63a0fa32252be49d21e7709d4d4baf8d231c2dbce1eaa8141b9b127d88"
dependencies = [
 "ppv-lite86",
 "rand_core",
]

[[package]]
name = "rand_core"
version = "0.6.3"
source = "registry+https://github.com/rust-lang/crates.io-index"
checksum = "d34f1408f55294453790c48b2f1ebbb1c5b4b7563eb1f418bcfcfdbb06ebb4e7"
dependencies = [
 "getrandom",
]

[[package]]
name = "rand_hc"
version = "0.3.1"
source = "registry+https://github.com/rust-lang/crates.io-index"
checksum = "d51e9f596de227fda2ea6c84607f5558e196eeaf43c986b724ba4fb8fdf497e7"
dependencies = [
 "rand_core",
]

[[package]]
name = "rayon"
version = "1.5.1"
source = "registry+https://github.com/rust-lang/crates.io-index"
checksum = "c06aca804d41dbc8ba42dfd964f0d01334eceb64314b9ecf7c5fad5188a06d90"
dependencies = [
 "autocfg",
 "crossbeam-deque",
 "either",
 "rayon-core",
]

[[package]]
name = "rayon-core"
version = "1.9.1"
source = "registry+https://github.com/rust-lang/crates.io-index"
checksum = "d78120e2c850279833f1dd3582f730c4ab53ed95aeaaaa862a2a5c71b1656d8e"
dependencies = [
 "crossbeam-channel",
 "crossbeam-deque",
 "crossbeam-utils",
 "lazy_static",
 "num_cpus",
]

[[package]]
name = "redox_syscall"
version = "0.1.57"
source = "registry+https://github.com/rust-lang/crates.io-index"
checksum = "41cc0f7e4d5d4544e8861606a285bb08d3e70712ccc7d2b84d7c0ccfaf4b05ce"

[[package]]
name = "redox_syscall"
version = "0.2.10"
source = "registry+https://github.com/rust-lang/crates.io-index"
checksum = "8383f39639269cde97d255a32bdb68c047337295414940c68bdd30c2e13203ff"
dependencies = [
 "bitflags",
]

[[package]]
name = "redox_users"
version = "0.4.0"
source = "registry+https://github.com/rust-lang/crates.io-index"
checksum = "528532f3d801c87aec9def2add9ca802fe569e44a544afe633765267840abe64"
dependencies = [
 "getrandom",
 "redox_syscall 0.2.10",
]

[[package]]
name = "regalloc"
version = "0.0.31"
source = "registry+https://github.com/rust-lang/crates.io-index"
checksum = "571f7f397d61c4755285cd37853fe8e03271c243424a907415909379659381c5"
dependencies = [
 "log",
 "rustc-hash",
 "serde",
 "smallvec",
]

[[package]]
name = "regex"
version = "1.5.4"
source = "registry+https://github.com/rust-lang/crates.io-index"
checksum = "d07a8629359eb56f1e2fb1652bb04212c072a87ba68546a04065d525673ac461"
dependencies = [
 "aho-corasick",
 "memchr",
 "regex-syntax",
]

[[package]]
name = "regex-syntax"
version = "0.6.25"
source = "registry+https://github.com/rust-lang/crates.io-index"
checksum = "f497285884f3fcff424ffc933e56d7cbca511def0c9831a7f9b5f6153e3cc89b"

[[package]]
name = "region"
version = "2.2.0"
source = "registry+https://github.com/rust-lang/crates.io-index"
checksum = "877e54ea2adcd70d80e9179344c97f93ef0dffd6b03e1f4529e6e83ab2fa9ae0"
dependencies = [
 "bitflags",
 "libc",
 "mach",
 "winapi",
]

[[package]]
name = "rustc-demangle"
version = "0.1.20"
source = "registry+https://github.com/rust-lang/crates.io-index"
checksum = "dead70b0b5e03e9c814bcb6b01e03e68f7c57a80aa48c72ec92152ab3e818d49"

[[package]]
name = "rustc-hash"
version = "1.1.0"
source = "registry+https://github.com/rust-lang/crates.io-index"
checksum = "08d43f7aa6b08d49f382cde6a7982047c3426db949b1424bc4b7ec9ae12c6ce2"

[[package]]
name = "rustversion"
version = "1.0.5"
source = "registry+https://github.com/rust-lang/crates.io-index"
checksum = "61b3909d758bb75c79f23d4736fac9433868679d3ad2ea7a61e3c25cfda9a088"

[[package]]
name = "ryu"
version = "1.0.5"
source = "registry+https://github.com/rust-lang/crates.io-index"
checksum = "71d301d4193d031abdd79ff7e3dd721168a9572ef3fe51a1517aba235bd8f86e"

[[package]]
name = "scheduled-thread-pool"
version = "0.2.5"
source = "registry+https://github.com/rust-lang/crates.io-index"
checksum = "dc6f74fd1204073fa02d5d5d68bec8021be4c38690b61264b2fdb48083d0e7d7"
dependencies = [
 "parking_lot",
]

[[package]]
name = "scopeguard"
version = "1.1.0"
source = "registry+https://github.com/rust-lang/crates.io-index"
checksum = "d29ab0c6d3fc0ee92fe66e2d99f700eab17a8d57d1c1d3b748380fb20baa78cd"

[[package]]
name = "scroll"
version = "0.10.2"
source = "registry+https://github.com/rust-lang/crates.io-index"
checksum = "fda28d4b4830b807a8b43f7b0e6b5df875311b3e7621d84577188c175b6ec1ec"
dependencies = [
 "scroll_derive",
]

[[package]]
name = "scroll_derive"
version = "0.10.5"
source = "registry+https://github.com/rust-lang/crates.io-index"
checksum = "aaaae8f38bb311444cfb7f1979af0bc9240d95795f75f9ceddf6a59b79ceffa0"
dependencies = [
 "proc-macro2",
 "quote",
 "syn",
]

[[package]]
name = "semver"
version = "1.0.4"
source = "registry+https://github.com/rust-lang/crates.io-index"
checksum = "568a8e6258aa33c13358f81fd834adb854c6f7c9468520910a9b1e8fac068012"

[[package]]
name = "serde"
version = "1.0.127"
source = "registry+https://github.com/rust-lang/crates.io-index"
checksum = "f03b9878abf6d14e6779d3f24f07b2cfa90352cfec4acc5aab8f1ac7f146fae8"
dependencies = [
 "serde_derive",
]

[[package]]
name = "serde_derive"
version = "1.0.127"
source = "registry+https://github.com/rust-lang/crates.io-index"
checksum = "a024926d3432516606328597e0f224a51355a493b49fdd67e9209187cbe55ecc"
dependencies = [
 "proc-macro2",
 "quote",
 "syn",
]

[[package]]
name = "serde_json"
version = "1.0.66"
source = "registry+https://github.com/rust-lang/crates.io-index"
checksum = "336b10da19a12ad094b59d870ebde26a45402e5b470add4b5fd03c5048a32127"
dependencies = [
 "itoa",
 "ryu",
 "serde",
]

[[package]]
name = "serde_yaml"
version = "0.8.17"
source = "registry+https://github.com/rust-lang/crates.io-index"
checksum = "15654ed4ab61726bf918a39cb8d98a2e2995b002387807fa6ba58fdf7f59bb23"
dependencies = [
 "dtoa",
 "linked-hash-map",
 "serde",
 "yaml-rust",
]

[[package]]
name = "sha2"
version = "0.9.5"
source = "registry+https://github.com/rust-lang/crates.io-index"
checksum = "b362ae5752fd2137731f9fa25fd4d9058af34666ca1966fb969119cc35719f12"
dependencies = [
 "block-buffer",
 "cfg-if 1.0.0",
 "cpufeatures",
 "digest",
 "opaque-debug",
]

[[package]]
name = "slab"
version = "0.4.4"
source = "registry+https://github.com/rust-lang/crates.io-index"
checksum = "c307a32c1c5c437f38c7fd45d753050587732ba8628319fbdf12a7e289ccc590"

[[package]]
name = "slog"
version = "2.7.0"
source = "registry+https://github.com/rust-lang/crates.io-index"
checksum = "8347046d4ebd943127157b94d63abb990fcf729dc4e9978927fdf4ac3c998d06"

[[package]]
name = "slog-async"
version = "2.7.0"
source = "registry+https://github.com/rust-lang/crates.io-index"
checksum = "766c59b252e62a34651412870ff55d8c4e6d04df19b43eecb2703e417b097ffe"
dependencies = [
 "crossbeam-channel",
 "slog",
 "take_mut",
 "thread_local",
]

[[package]]
name = "slog-envlogger"
version = "2.2.0"
source = "registry+https://github.com/rust-lang/crates.io-index"
checksum = "906a1a0bc43fed692df4b82a5e2fbfc3733db8dad8bb514ab27a4f23ad04f5c0"
dependencies = [
 "log",
 "regex",
 "slog",
 "slog-async",
 "slog-scope",
 "slog-stdlog",
 "slog-term",
]

[[package]]
name = "slog-scope"
version = "4.4.0"
source = "registry+https://github.com/rust-lang/crates.io-index"
checksum = "2f95a4b4c3274cd2869549da82b57ccc930859bdbf5bcea0424bc5f140b3c786"
dependencies = [
 "arc-swap",
 "lazy_static",
 "slog",
]

[[package]]
name = "slog-stdlog"
version = "4.1.0"
source = "registry+https://github.com/rust-lang/crates.io-index"
checksum = "8228ab7302adbf4fcb37e66f3cda78003feb521e7fd9e3847ec117a7784d0f5a"
dependencies = [
 "log",
 "slog",
 "slog-scope",
]

[[package]]
name = "slog-term"
version = "2.8.0"
source = "registry+https://github.com/rust-lang/crates.io-index"
checksum = "95c1e7e5aab61ced6006149ea772770b84a0d16ce0f7885def313e4829946d76"
dependencies = [
 "atty",
 "chrono",
 "slog",
 "term",
 "thread_local",
]

[[package]]
name = "smallvec"
version = "1.6.1"
source = "registry+https://github.com/rust-lang/crates.io-index"
checksum = "fe0f37c9e8f3c5a4a66ad655a93c74daac4ad00c441533bf5c6e7990bb42604e"

[[package]]
name = "stable-hash"
version = "0.3.1"
source = "git+https://github.com/graphprotocol/stable-hash#752463958b369506845e89da8b831430146c61d1"
dependencies = [
 "blake3",
 "firestorm",
 "ibig",
 "lazy_static",
 "leb128",
 "num-traits",
]

[[package]]
name = "stable_deref_trait"
version = "1.2.0"
source = "registry+https://github.com/rust-lang/crates.io-index"
checksum = "a8f112729512f8e442d81f95a8a7ddf2b7c6b8a1a6f509a95864142b30cab2d3"

[[package]]
name = "static_assertions"
version = "1.1.0"
source = "registry+https://github.com/rust-lang/crates.io-index"
checksum = "a2eb9349b6444b326872e140eb1cf5e7c522154d69e7a0ffb0fb81c06b37543f"

[[package]]
name = "strum"
version = "0.21.0"
source = "registry+https://github.com/rust-lang/crates.io-index"
checksum = "aaf86bbcfd1fa9670b7a129f64fc0c9fcbbfe4f1bc4210e9e98fe71ffc12cde2"

[[package]]
name = "strum_macros"
version = "0.21.1"
source = "registry+https://github.com/rust-lang/crates.io-index"
checksum = "d06aaeeee809dbc59eb4556183dd927df67db1540de5be8d3ec0b6636358a5ec"
dependencies = [
 "heck",
 "proc-macro2",
 "quote",
 "syn",
]

[[package]]
name = "subtle"
version = "2.4.1"
source = "registry+https://github.com/rust-lang/crates.io-index"
checksum = "6bdef32e8150c2a081110b42772ffe7d7c9032b606bc226c8260fd97e0976601"

[[package]]
name = "syn"
version = "1.0.74"
source = "registry+https://github.com/rust-lang/crates.io-index"
checksum = "1873d832550d4588c3dbc20f01361ab00bfe741048f71e3fecf145a7cc18b29c"
dependencies = [
 "proc-macro2",
 "quote",
 "unicode-xid",
]

[[package]]
name = "take_mut"
version = "0.2.2"
source = "registry+https://github.com/rust-lang/crates.io-index"
checksum = "f764005d11ee5f36500a149ace24e00e3da98b0158b3e2d53a7495660d3f4d60"

[[package]]
name = "target-lexicon"
version = "0.12.1"
source = "registry+https://github.com/rust-lang/crates.io-index"
checksum = "b0652da4c4121005e9ed22b79f6c5f2d9e2752906b53a33e9490489ba421a6fb"

[[package]]
name = "term"
version = "0.7.0"
source = "registry+https://github.com/rust-lang/crates.io-index"
checksum = "c59df8ac95d96ff9bede18eb7300b0fda5e5d8d90960e76f8e14ae765eedbf1f"
dependencies = [
 "dirs-next",
 "rustversion",
 "winapi",
]

[[package]]
name = "termcolor"
version = "1.1.2"
source = "registry+https://github.com/rust-lang/crates.io-index"
checksum = "2dfed899f0eb03f32ee8c6a0aabdb8a7949659e3466561fc0adf54e26d88c5f4"
dependencies = [
 "winapi-util",
]

[[package]]
name = "thiserror"
version = "1.0.26"
source = "registry+https://github.com/rust-lang/crates.io-index"
checksum = "93119e4feac1cbe6c798c34d3a53ea0026b0b1de6a120deef895137c0529bfe2"
dependencies = [
 "thiserror-impl",
]

[[package]]
name = "thiserror-impl"
version = "1.0.26"
source = "registry+https://github.com/rust-lang/crates.io-index"
checksum = "060d69a0afe7796bf42e9e2ff91f5ee691fb15c53d38b4b62a9a53eb23164745"
dependencies = [
 "proc-macro2",
 "quote",
 "syn",
]

[[package]]
name = "thread_local"
version = "1.1.3"
source = "registry+https://github.com/rust-lang/crates.io-index"
checksum = "8018d24e04c95ac8790716a5987d0fec4f8b27249ffa0f7d33f1369bdfb88cbd"
dependencies = [
 "once_cell",
]

[[package]]
name = "time"
version = "0.1.43"
source = "registry+https://github.com/rust-lang/crates.io-index"
checksum = "ca8a50ef2360fbd1eeb0ecd46795a87a19024eb4b53c5dc916ca1fd95fe62438"
dependencies = [
 "libc",
 "winapi",
]

[[package]]
name = "toml"
version = "0.5.8"
source = "registry+https://github.com/rust-lang/crates.io-index"
checksum = "a31142970826733df8241ef35dc040ef98c679ab14d7c3e54d827099b3acecaa"
dependencies = [
 "serde",
]

[[package]]
name = "typenum"
version = "1.13.0"
source = "registry+https://github.com/rust-lang/crates.io-index"
checksum = "879f6906492a7cd215bfa4cf595b600146ccfac0c79bcbd1f3000162af5e8b06"

[[package]]
name = "unicode-segmentation"
version = "1.8.0"
source = "registry+https://github.com/rust-lang/crates.io-index"
checksum = "8895849a949e7845e06bd6dc1aa51731a103c42707010a5b591c0038fb73385b"

[[package]]
name = "unicode-xid"
version = "0.2.2"
source = "registry+https://github.com/rust-lang/crates.io-index"
checksum = "8ccb82d61f80a663efe1f787a51b16b5a51e3314d6ac365b08639f52387b33f3"

[[package]]
name = "uuid"
version = "0.8.2"
source = "registry+https://github.com/rust-lang/crates.io-index"
checksum = "bc5cf98d8186244414c848017f0e2676b3fcb46807f6668a97dfe67359a3c4b7"
dependencies = [
 "getrandom",
]

[[package]]
name = "vcpkg"
version = "0.2.15"
source = "registry+https://github.com/rust-lang/crates.io-index"
checksum = "accd4ea62f7bb7a82fe23066fb0957d48ef677f6eeb8215f372f52e48bb32426"

[[package]]
name = "version_check"
version = "0.9.3"
source = "registry+https://github.com/rust-lang/crates.io-index"
checksum = "5fecdca9a5291cc2b8dcf7dc02453fee791a280f3743cb0905f8822ae463b3fe"

[[package]]
name = "wasi"
version = "0.10.2+wasi-snapshot-preview1"
source = "registry+https://github.com/rust-lang/crates.io-index"
checksum = "fd6fbd9a79829dd1ad0cc20627bf1ed606756a7f77edff7b66b7064f9cb327c6"

[[package]]
name = "wasmparser"
version = "0.78.2"
source = "registry+https://github.com/rust-lang/crates.io-index"
checksum = "52144d4c78e5cf8b055ceab8e5fa22814ce4315d6002ad32cfd914f37c12fd65"

[[package]]
name = "wasmtime"
version = "0.27.0"
source = "registry+https://github.com/rust-lang/crates.io-index"
checksum = "b310b9d20fcf59385761d1ade7a3ef06aecc380e3d3172035b919eaf7465d9f7"
dependencies = [
 "anyhow",
 "backtrace",
 "bincode",
 "cfg-if 1.0.0",
 "cpp_demangle",
 "indexmap",
 "lazy_static",
 "libc",
 "log",
 "paste",
 "psm",
 "region",
 "rustc-demangle",
 "serde",
 "smallvec",
 "target-lexicon",
 "wasmparser",
 "wasmtime-cache",
 "wasmtime-environ",
 "wasmtime-fiber",
 "wasmtime-jit",
 "wasmtime-profiling",
 "wasmtime-runtime",
 "wat",
 "winapi",
]

[[package]]
name = "wasmtime-cache"
version = "0.27.0"
source = "registry+https://github.com/rust-lang/crates.io-index"
checksum = "d14d500d5c3dc5f5c097158feee123d64b3097f0d836a2a27dff9c761c73c843"
dependencies = [
 "anyhow",
 "base64",
 "bincode",
 "directories-next",
 "errno",
 "file-per-thread-logger",
 "libc",
 "log",
 "serde",
 "sha2",
 "toml",
 "winapi",
 "zstd",
]

[[package]]
name = "wasmtime-cranelift"
version = "0.27.0"
source = "registry+https://github.com/rust-lang/crates.io-index"
checksum = "c525b39f062eada7db3c1298287b96dcb6e472b9f6b22501300b28d9fa7582f6"
dependencies = [
 "cranelift-codegen",
 "cranelift-entity",
 "cranelift-frontend",
 "cranelift-wasm",
 "target-lexicon",
 "wasmparser",
 "wasmtime-environ",
]

[[package]]
name = "wasmtime-debug"
version = "0.27.0"
source = "registry+https://github.com/rust-lang/crates.io-index"
checksum = "c5d2a763e7a6fc734218e0e463196762a4f409c483063d81e0e85f96343b2e0a"
dependencies = [
 "anyhow",
 "gimli 0.24.0",
 "more-asserts",
 "object 0.24.0",
 "target-lexicon",
 "thiserror",
 "wasmparser",
 "wasmtime-environ",
]

[[package]]
name = "wasmtime-environ"
version = "0.27.0"
source = "registry+https://github.com/rust-lang/crates.io-index"
checksum = "f64d0c2d881c31b0d65c1f2695e022d71eb60b9fbdd336aacca28208b58eac90"
dependencies = [
 "cfg-if 1.0.0",
 "cranelift-codegen",
 "cranelift-entity",
 "cranelift-wasm",
 "gimli 0.24.0",
 "indexmap",
 "log",
 "more-asserts",
 "serde",
 "thiserror",
 "wasmparser",
]

[[package]]
name = "wasmtime-fiber"
version = "0.27.0"
source = "registry+https://github.com/rust-lang/crates.io-index"
checksum = "a089d44cd7e2465d41a53b840a5b4fca1bf6d1ecfebc970eac9592b34ea5f0b3"
dependencies = [
 "cc",
 "libc",
 "winapi",
]

[[package]]
name = "wasmtime-jit"
version = "0.27.0"
source = "registry+https://github.com/rust-lang/crates.io-index"
checksum = "4d4539ea734422b7c868107e2187d7746d8affbcaa71916d72639f53757ad707"
dependencies = [
 "addr2line 0.15.2",
 "anyhow",
 "cfg-if 1.0.0",
 "cranelift-codegen",
 "cranelift-entity",
 "cranelift-frontend",
 "cranelift-native",
 "cranelift-wasm",
 "gimli 0.24.0",
 "log",
 "more-asserts",
 "object 0.24.0",
 "rayon",
 "region",
 "serde",
 "target-lexicon",
 "thiserror",
 "wasmparser",
 "wasmtime-cranelift",
 "wasmtime-debug",
 "wasmtime-environ",
 "wasmtime-obj",
 "wasmtime-profiling",
 "wasmtime-runtime",
 "winapi",
]

[[package]]
name = "wasmtime-obj"
version = "0.27.0"
source = "registry+https://github.com/rust-lang/crates.io-index"
checksum = "8e1a8ff85246d091828e2225af521a6208ed28c997bb5c39eb697366dc2e2f2b"
dependencies = [
 "anyhow",
 "more-asserts",
 "object 0.24.0",
 "target-lexicon",
 "wasmtime-debug",
 "wasmtime-environ",
]

[[package]]
name = "wasmtime-profiling"
version = "0.27.0"
source = "registry+https://github.com/rust-lang/crates.io-index"
checksum = "e24364d522dcd67c897c8fffc42e5bdfc57207bbb6d7eeade0da9d4a7d70105b"
dependencies = [
 "anyhow",
 "cfg-if 1.0.0",
 "gimli 0.24.0",
 "lazy_static",
 "libc",
 "object 0.24.0",
 "scroll",
 "serde",
 "target-lexicon",
 "wasmtime-environ",
 "wasmtime-runtime",
]

[[package]]
name = "wasmtime-runtime"
version = "0.27.0"
source = "registry+https://github.com/rust-lang/crates.io-index"
checksum = "c51e57976e8a19a18a18e002c6eb12e5769554204238e47ff155fda1809ef0f7"
dependencies = [
 "anyhow",
 "backtrace",
 "cc",
 "cfg-if 1.0.0",
 "indexmap",
 "lazy_static",
 "libc",
 "log",
 "mach",
 "memoffset",
 "more-asserts",
 "rand",
 "region",
 "thiserror",
 "wasmtime-environ",
 "wasmtime-fiber",
 "winapi",
]

[[package]]
name = "wast"
version = "37.0.0"
source = "registry+https://github.com/rust-lang/crates.io-index"
checksum = "9bc7b9a76845047ded00e031754ff410afee0d50fbdf62b55bdeecd245063d68"
dependencies = [
 "leb128",
]

[[package]]
name = "wat"
version = "1.0.39"
source = "registry+https://github.com/rust-lang/crates.io-index"
checksum = "2ab2cc8d9a69d1ab28a41d9149bb06bb927aba8fc9d56625f8b597a564c83f50"
dependencies = [
 "wast",
]

[[package]]
name = "winapi"
version = "0.3.9"
source = "registry+https://github.com/rust-lang/crates.io-index"
checksum = "5c839a674fcd7a98952e593242ea400abe93992746761e38641405d28b00f419"
dependencies = [
 "winapi-i686-pc-windows-gnu",
 "winapi-x86_64-pc-windows-gnu",
]

[[package]]
name = "winapi-i686-pc-windows-gnu"
version = "0.4.0"
source = "registry+https://github.com/rust-lang/crates.io-index"
checksum = "ac3b87c63620426dd9b991e5ce0329eff545bccbbb34f3be09ff6fb6ab51b7b6"

[[package]]
name = "winapi-util"
version = "0.1.5"
source = "registry+https://github.com/rust-lang/crates.io-index"
checksum = "70ec6ce85bb158151cae5e5c87f95a8e97d2c0c4b001223f33a334e3ce5de178"
dependencies = [
 "winapi",
]

[[package]]
name = "winapi-x86_64-pc-windows-gnu"
version = "0.4.0"
source = "registry+https://github.com/rust-lang/crates.io-index"
checksum = "712e227841d057c1ee1cd2fb22fa7e5a5461ae8e48fa2ca79ec42cfc1931183f"

[[package]]
name = "yaml-rust"
version = "0.4.5"
source = "registry+https://github.com/rust-lang/crates.io-index"
checksum = "56c1936c4cc7a1c9ab21a1ebb602eb942ba868cbd44a99cb7cdc5892335e1c85"
dependencies = [
 "linked-hash-map",
]

[[package]]
name = "zstd"
version = "0.6.1+zstd.1.4.9"
source = "registry+https://github.com/rust-lang/crates.io-index"
checksum = "5de55e77f798f205d8561b8fe2ef57abfb6e0ff2abe7fd3c089e119cdb5631a3"
dependencies = [
 "zstd-safe",
]

[[package]]
name = "zstd-safe"
version = "3.0.1+zstd.1.4.9"
source = "registry+https://github.com/rust-lang/crates.io-index"
checksum = "1387cabcd938127b30ce78c4bf00b30387dddf704e3f0881dbc4ff62b5566f8c"
dependencies = [
 "libc",
 "zstd-sys",
]

[[package]]
name = "zstd-sys"
version = "1.4.20+zstd.1.4.9"
source = "registry+https://github.com/rust-lang/crates.io-index"
checksum = "ebd5b733d7cf2d9447e2c3e76a5589b4f5e5ae065c22a2bc0b023cbc331b6c8e"
dependencies = [
 "cc",
 "libc",
]
